// !$*UTF8*$!
{
	archiveVersion = 1;
	classes = {
	};
	objectVersion = 56;
	objects = {

/* Begin PBXBuildFile section */
		0BEE22742A9A1BDD0023C881 /* Duration+Extension.swift in Sources */ = {isa = PBXBuildFile; fileRef = 0BEE22612A9A1BDD0023C881 /* Duration+Extension.swift */; };
		0BEE22752A9A1BDD0023C881 /* CardView.swift in Sources */ = {isa = PBXBuildFile; fileRef = 0BEE22632A9A1BDD0023C881 /* CardView.swift */; };
		0BEE22762A9A1BDD0023C881 /* ThemePicker.swift in Sources */ = {isa = PBXBuildFile; fileRef = 0BEE22642A9A1BDD0023C881 /* ThemePicker.swift */; };
		0BEE22772A9A1BDD0023C881 /* StandupFormView.swift in Sources */ = {isa = PBXBuildFile; fileRef = 0BEE22672A9A1BDD0023C881 /* StandupFormView.swift */; };
		0BEE22782A9A1BDD0023C881 /* StandupFormFeature.swift in Sources */ = {isa = PBXBuildFile; fileRef = 0BEE22682A9A1BDD0023C881 /* StandupFormFeature.swift */; };
		0BEE22792A9A1BDD0023C881 /* StandupListView.swift in Sources */ = {isa = PBXBuildFile; fileRef = 0BEE226A2A9A1BDD0023C881 /* StandupListView.swift */; };
		0BEE227A2A9A1BDD0023C881 /* StandupListFeature.swift in Sources */ = {isa = PBXBuildFile; fileRef = 0BEE226B2A9A1BDD0023C881 /* StandupListFeature.swift */; };
		0BEE227B2A9A1BDD0023C881 /* Standup.swift in Sources */ = {isa = PBXBuildFile; fileRef = 0BEE226D2A9A1BDD0023C881 /* Standup.swift */; };
		0BEE227C2A9A1BDD0023C881 /* Meeting.swift in Sources */ = {isa = PBXBuildFile; fileRef = 0BEE226E2A9A1BDD0023C881 /* Meeting.swift */; };
		0BEE227D2A9A1BDD0023C881 /* Attendee.swift in Sources */ = {isa = PBXBuildFile; fileRef = 0BEE226F2A9A1BDD0023C881 /* Attendee.swift */; };
		0BEE227E2A9A1BDD0023C881 /* Theme.swift in Sources */ = {isa = PBXBuildFile; fileRef = 0BEE22702A9A1BDD0023C881 /* Theme.swift */; };
		0BEE227F2A9A1BDD0023C881 /* TrailingIconLabelStyle.swift in Sources */ = {isa = PBXBuildFile; fileRef = 0BEE22732A9A1BDD0023C881 /* TrailingIconLabelStyle.swift */; };
		D2752B9A2A7A497900C8EB50 /* ScrumdingerAppTCA.swift in Sources */ = {isa = PBXBuildFile; fileRef = D2752B992A7A497900C8EB50 /* ScrumdingerAppTCA.swift */; };
		D2752B9E2A7A497B00C8EB50 /* Assets.xcassets in Resources */ = {isa = PBXBuildFile; fileRef = D2752B9D2A7A497B00C8EB50 /* Assets.xcassets */; };
		D2752BA12A7A497B00C8EB50 /* Preview Assets.xcassets in Resources */ = {isa = PBXBuildFile; fileRef = D2752BA02A7A497B00C8EB50 /* Preview Assets.xcassets */; };
		D2752BA92A7A49B400C8EB50 /* ComposableArchitecture in Frameworks */ = {isa = PBXBuildFile; productRef = D2752BA82A7A49B400C8EB50 /* ComposableArchitecture */; };
/* End PBXBuildFile section */

/* Begin PBXFileReference section */
		0BEE22612A9A1BDD0023C881 /* Duration+Extension.swift */ = {isa = PBXFileReference; fileEncoding = 4; lastKnownFileType = sourcecode.swift; path = "Duration+Extension.swift"; sourceTree = "<group>"; };
		0BEE22632A9A1BDD0023C881 /* CardView.swift */ = {isa = PBXFileReference; fileEncoding = 4; lastKnownFileType = sourcecode.swift; path = CardView.swift; sourceTree = "<group>"; };
		0BEE22642A9A1BDD0023C881 /* ThemePicker.swift */ = {isa = PBXFileReference; fileEncoding = 4; lastKnownFileType = sourcecode.swift; path = ThemePicker.swift; sourceTree = "<group>"; };
		0BEE22672A9A1BDD0023C881 /* StandupFormView.swift */ = {isa = PBXFileReference; fileEncoding = 4; lastKnownFileType = sourcecode.swift; path = StandupFormView.swift; sourceTree = "<group>"; };
		0BEE22682A9A1BDD0023C881 /* StandupFormFeature.swift */ = {isa = PBXFileReference; fileEncoding = 4; lastKnownFileType = sourcecode.swift; path = StandupFormFeature.swift; sourceTree = "<group>"; };
		0BEE226A2A9A1BDD0023C881 /* StandupListView.swift */ = {isa = PBXFileReference; fileEncoding = 4; lastKnownFileType = sourcecode.swift; path = StandupListView.swift; sourceTree = "<group>"; };
		0BEE226B2A9A1BDD0023C881 /* StandupListFeature.swift */ = {isa = PBXFileReference; fileEncoding = 4; lastKnownFileType = sourcecode.swift; path = StandupListFeature.swift; sourceTree = "<group>"; };
		0BEE226D2A9A1BDD0023C881 /* Standup.swift */ = {isa = PBXFileReference; fileEncoding = 4; lastKnownFileType = sourcecode.swift; path = Standup.swift; sourceTree = "<group>"; };
		0BEE226E2A9A1BDD0023C881 /* Meeting.swift */ = {isa = PBXFileReference; fileEncoding = 4; lastKnownFileType = sourcecode.swift; path = Meeting.swift; sourceTree = "<group>"; };
		0BEE226F2A9A1BDD0023C881 /* Attendee.swift */ = {isa = PBXFileReference; fileEncoding = 4; lastKnownFileType = sourcecode.swift; path = Attendee.swift; sourceTree = "<group>"; };
		0BEE22702A9A1BDD0023C881 /* Theme.swift */ = {isa = PBXFileReference; fileEncoding = 4; lastKnownFileType = sourcecode.swift; path = Theme.swift; sourceTree = "<group>"; };
		0BEE22732A9A1BDD0023C881 /* TrailingIconLabelStyle.swift */ = {isa = PBXFileReference; fileEncoding = 4; lastKnownFileType = sourcecode.swift; path = TrailingIconLabelStyle.swift; sourceTree = "<group>"; };
		D2752B962A7A497900C8EB50 /* ScrumdingerAppTCA.app */ = {isa = PBXFileReference; explicitFileType = wrapper.application; includeInIndex = 0; path = ScrumdingerAppTCA.app; sourceTree = BUILT_PRODUCTS_DIR; };
		D2752B992A7A497900C8EB50 /* ScrumdingerAppTCA.swift */ = {isa = PBXFileReference; lastKnownFileType = sourcecode.swift; path = ScrumdingerAppTCA.swift; sourceTree = "<group>"; };
		D2752B9D2A7A497B00C8EB50 /* Assets.xcassets */ = {isa = PBXFileReference; lastKnownFileType = folder.assetcatalog; path = Assets.xcassets; sourceTree = "<group>"; };
		D2752BA02A7A497B00C8EB50 /* Preview Assets.xcassets */ = {isa = PBXFileReference; lastKnownFileType = folder.assetcatalog; path = "Preview Assets.xcassets"; sourceTree = "<group>"; };
/* End PBXFileReference section */

/* Begin PBXFrameworksBuildPhase section */
		D2752B932A7A497900C8EB50 /* Frameworks */ = {
			isa = PBXFrameworksBuildPhase;
			buildActionMask = 2147483647;
			files = (
				D2752BA92A7A49B400C8EB50 /* ComposableArchitecture in Frameworks */,
			);
			runOnlyForDeploymentPostprocessing = 0;
		};
/* End PBXFrameworksBuildPhase section */

/* Begin PBXGroup section */
		0BEE22602A9A1BDD0023C881 /* Extensions */ = {
			isa = PBXGroup;
			children = (
				0BEE22612A9A1BDD0023C881 /* Duration+Extension.swift */,
			);
			path = Extensions;
			sourceTree = "<group>";
		};
		0BEE22622A9A1BDD0023C881 /* CommonViews */ = {
			isa = PBXGroup;
			children = (
				0BEE22632A9A1BDD0023C881 /* CardView.swift */,
				0BEE22642A9A1BDD0023C881 /* ThemePicker.swift */,
			);
			path = CommonViews;
			sourceTree = "<group>";
		};
		0BEE22652A9A1BDD0023C881 /* Features */ = {
			isa = PBXGroup;
			children = (
				0BEE22662A9A1BDD0023C881 /* StandupForm */,
				0BEE22692A9A1BDD0023C881 /* StandupList */,
			);
			path = Features;
			sourceTree = "<group>";
		};
		0BEE22662A9A1BDD0023C881 /* StandupForm */ = {
			isa = PBXGroup;
			children = (
				0BEE22682A9A1BDD0023C881 /* StandupFormFeature.swift */,
				0BEE22672A9A1BDD0023C881 /* StandupFormView.swift */,
			);
			path = StandupForm;
			sourceTree = "<group>";
		};
		0BEE22692A9A1BDD0023C881 /* StandupList */ = {
			isa = PBXGroup;
			children = (
				0BEE226B2A9A1BDD0023C881 /* StandupListFeature.swift */,
				0BEE226A2A9A1BDD0023C881 /* StandupListView.swift */,
			);
			path = StandupList;
			sourceTree = "<group>";
		};
		0BEE226C2A9A1BDD0023C881 /* Models */ = {
			isa = PBXGroup;
			children = (
				0BEE226F2A9A1BDD0023C881 /* Attendee.swift */,
				0BEE226E2A9A1BDD0023C881 /* Meeting.swift */,
				0BEE226D2A9A1BDD0023C881 /* Standup.swift */,
				0BEE22702A9A1BDD0023C881 /* Theme.swift */,
			);
			path = Models;
			sourceTree = "<group>";
		};
		0BEE22712A9A1BDD0023C881 /* Styles */ = {
			isa = PBXGroup;
			children = (
				0BEE22722A9A1BDD0023C881 /* Labels */,
			);
			path = Styles;
			sourceTree = "<group>";
		};
		0BEE22722A9A1BDD0023C881 /* Labels */ = {
			isa = PBXGroup;
			children = (
				0BEE22732A9A1BDD0023C881 /* TrailingIconLabelStyle.swift */,
			);
			path = Labels;
			sourceTree = "<group>";
		};
		D2752B8D2A7A497900C8EB50 = {
			isa = PBXGroup;
			children = (
				D2752B982A7A497900C8EB50 /* ScrumdingerAppTCA */,
				D2752B972A7A497900C8EB50 /* Products */,
			);
			sourceTree = "<group>";
		};
		D2752B972A7A497900C8EB50 /* Products */ = {
			isa = PBXGroup;
			children = (
				D2752B962A7A497900C8EB50 /* ScrumdingerAppTCA.app */,
			);
			name = Products;
			sourceTree = "<group>";
		};
		D2752B982A7A497900C8EB50 /* ScrumdingerAppTCA */ = {
			isa = PBXGroup;
			children = (
				D2752B992A7A497900C8EB50 /* ScrumdingerAppTCA.swift */,
				D2752B9D2A7A497B00C8EB50 /* Assets.xcassets */,
				0BEE22622A9A1BDD0023C881 /* CommonViews */,
				0BEE22602A9A1BDD0023C881 /* Extensions */,
				0BEE22652A9A1BDD0023C881 /* Features */,
				0BEE226C2A9A1BDD0023C881 /* Models */,
				D2752B9F2A7A497B00C8EB50 /* Preview Content */,
				0BEE22712A9A1BDD0023C881 /* Styles */,
			);
			path = ScrumdingerAppTCA;
			sourceTree = "<group>";
		};
		D2752B9F2A7A497B00C8EB50 /* Preview Content */ = {
			isa = PBXGroup;
			children = (
				D2752BA02A7A497B00C8EB50 /* Preview Assets.xcassets */,
			);
			path = "Preview Content";
			sourceTree = "<group>";
		};
/* End PBXGroup section */

/* Begin PBXNativeTarget section */
		D2752B952A7A497900C8EB50 /* ScrumdingerAppTCA */ = {
			isa = PBXNativeTarget;
			buildConfigurationList = D2752BA42A7A497B00C8EB50 /* Build configuration list for PBXNativeTarget "ScrumdingerAppTCA" */;
			buildPhases = (
				D2752B922A7A497900C8EB50 /* Sources */,
				D2752B932A7A497900C8EB50 /* Frameworks */,
				D2752B942A7A497900C8EB50 /* Resources */,
			);
			buildRules = (
			);
			dependencies = (
			);
			name = ScrumdingerAppTCA;
			packageProductDependencies = (
				D2752BA82A7A49B400C8EB50 /* ComposableArchitecture */,
			);
			productName = ScrumdingerAppTCA;
			productReference = D2752B962A7A497900C8EB50 /* ScrumdingerAppTCA.app */;
			productType = "com.apple.product-type.application";
		};
/* End PBXNativeTarget section */

/* Begin PBXProject section */
		D2752B8E2A7A497900C8EB50 /* Project object */ = {
			isa = PBXProject;
			attributes = {
				BuildIndependentTargetsInParallel = 1;
				LastSwiftUpdateCheck = 1500;
				LastUpgradeCheck = 1500;
				TargetAttributes = {
					D2752B952A7A497900C8EB50 = {
						CreatedOnToolsVersion = 15.0;
					};
				};
			};
			buildConfigurationList = D2752B912A7A497900C8EB50 /* Build configuration list for PBXProject "ScrumdingerAppTCA" */;
			compatibilityVersion = "Xcode 14.0";
			developmentRegion = en;
			hasScannedForEncodings = 0;
			knownRegions = (
				en,
				Base,
			);
			mainGroup = D2752B8D2A7A497900C8EB50;
			packageReferences = (
				D2752BA72A7A49B400C8EB50 /* XCRemoteSwiftPackageReference "swift-composable-architecture" */,
			);
			productRefGroup = D2752B972A7A497900C8EB50 /* Products */;
			projectDirPath = "";
			projectRoot = "";
			targets = (
				D2752B952A7A497900C8EB50 /* ScrumdingerAppTCA */,
			);
		};
/* End PBXProject section */

/* Begin PBXResourcesBuildPhase section */
		D2752B942A7A497900C8EB50 /* Resources */ = {
			isa = PBXResourcesBuildPhase;
			buildActionMask = 2147483647;
			files = (
				D2752BA12A7A497B00C8EB50 /* Preview Assets.xcassets in Resources */,
				D2752B9E2A7A497B00C8EB50 /* Assets.xcassets in Resources */,
			);
			runOnlyForDeploymentPostprocessing = 0;
		};
/* End PBXResourcesBuildPhase section */

/* Begin PBXSourcesBuildPhase section */
		D2752B922A7A497900C8EB50 /* Sources */ = {
			isa = PBXSourcesBuildPhase;
			buildActionMask = 2147483647;
			files = (
				0BEE22772A9A1BDD0023C881 /* StandupFormView.swift in Sources */,
				D2752B9A2A7A497900C8EB50 /* ScrumdingerAppTCA.swift in Sources */,
				0BEE227A2A9A1BDD0023C881 /* StandupListFeature.swift in Sources */,
				0BEE22762A9A1BDD0023C881 /* ThemePicker.swift in Sources */,
				0BEE22752A9A1BDD0023C881 /* CardView.swift in Sources */,
				0BEE227D2A9A1BDD0023C881 /* Attendee.swift in Sources */,
				0BEE227C2A9A1BDD0023C881 /* Meeting.swift in Sources */,
				0BEE22782A9A1BDD0023C881 /* StandupFormFeature.swift in Sources */,
				0BEE227F2A9A1BDD0023C881 /* TrailingIconLabelStyle.swift in Sources */,
				0BEE22742A9A1BDD0023C881 /* Duration+Extension.swift in Sources */,
				0BEE227E2A9A1BDD0023C881 /* Theme.swift in Sources */,
				0BEE22792A9A1BDD0023C881 /* StandupListView.swift in Sources */,
				0BEE227B2A9A1BDD0023C881 /* Standup.swift in Sources */,
			);
			runOnlyForDeploymentPostprocessing = 0;
		};
/* End PBXSourcesBuildPhase section */

/* Begin XCBuildConfiguration section */
		D2752BA22A7A497B00C8EB50 /* Debug */ = {
			isa = XCBuildConfiguration;
			buildSettings = {
				ALWAYS_SEARCH_USER_PATHS = NO;
				ASSETCATALOG_COMPILER_GENERATE_SWIFT_ASSET_SYMBOL_EXTENSIONS = YES;
				CLANG_ANALYZER_NONNULL = YES;
				CLANG_ANALYZER_NUMBER_OBJECT_CONVERSION = YES_AGGRESSIVE;
				CLANG_CXX_LANGUAGE_STANDARD = "gnu++20";
				CLANG_ENABLE_MODULES = YES;
				CLANG_ENABLE_OBJC_ARC = YES;
				CLANG_ENABLE_OBJC_WEAK = YES;
				CLANG_WARN_BLOCK_CAPTURE_AUTORELEASING = YES;
				CLANG_WARN_BOOL_CONVERSION = YES;
				CLANG_WARN_COMMA = YES;
				CLANG_WARN_CONSTANT_CONVERSION = YES;
				CLANG_WARN_DEPRECATED_OBJC_IMPLEMENTATIONS = YES;
				CLANG_WARN_DIRECT_OBJC_ISA_USAGE = YES_ERROR;
				CLANG_WARN_DOCUMENTATION_COMMENTS = YES;
				CLANG_WARN_EMPTY_BODY = YES;
				CLANG_WARN_ENUM_CONVERSION = YES;
				CLANG_WARN_INFINITE_RECURSION = YES;
				CLANG_WARN_INT_CONVERSION = YES;
				CLANG_WARN_NON_LITERAL_NULL_CONVERSION = YES;
				CLANG_WARN_OBJC_IMPLICIT_RETAIN_SELF = YES;
				CLANG_WARN_OBJC_LITERAL_CONVERSION = YES;
				CLANG_WARN_OBJC_ROOT_CLASS = YES_ERROR;
				CLANG_WARN_QUOTED_INCLUDE_IN_FRAMEWORK_HEADER = YES;
				CLANG_WARN_RANGE_LOOP_ANALYSIS = YES;
				CLANG_WARN_STRICT_PROTOTYPES = YES;
				CLANG_WARN_SUSPICIOUS_MOVE = YES;
				CLANG_WARN_UNGUARDED_AVAILABILITY = YES_AGGRESSIVE;
				CLANG_WARN_UNREACHABLE_CODE = YES;
				CLANG_WARN__DUPLICATE_METHOD_MATCH = YES;
				COPY_PHASE_STRIP = NO;
				DEBUG_INFORMATION_FORMAT = dwarf;
				ENABLE_STRICT_OBJC_MSGSEND = YES;
				ENABLE_TESTABILITY = YES;
				ENABLE_USER_SCRIPT_SANDBOXING = YES;
				GCC_C_LANGUAGE_STANDARD = gnu17;
				GCC_DYNAMIC_NO_PIC = NO;
				GCC_NO_COMMON_BLOCKS = YES;
				GCC_OPTIMIZATION_LEVEL = 0;
				GCC_PREPROCESSOR_DEFINITIONS = (
					"DEBUG=1",
					"$(inherited)",
				);
				GCC_WARN_64_TO_32_BIT_CONVERSION = YES;
				GCC_WARN_ABOUT_RETURN_TYPE = YES_ERROR;
				GCC_WARN_UNDECLARED_SELECTOR = YES;
				GCC_WARN_UNINITIALIZED_AUTOS = YES_AGGRESSIVE;
				GCC_WARN_UNUSED_FUNCTION = YES;
				GCC_WARN_UNUSED_VARIABLE = YES;
				IPHONEOS_DEPLOYMENT_TARGET = 17.0;
				LOCALIZATION_PREFERS_STRING_CATALOGS = YES;
				MTL_ENABLE_DEBUG_INFO = INCLUDE_SOURCE;
				MTL_FAST_MATH = YES;
				ONLY_ACTIVE_ARCH = YES;
				SDKROOT = iphoneos;
				SWIFT_ACTIVE_COMPILATION_CONDITIONS = "DEBUG $(inherited)";
				SWIFT_OPTIMIZATION_LEVEL = "-Onone";
			};
			name = Debug;
		};
		D2752BA32A7A497B00C8EB50 /* Release */ = {
			isa = XCBuildConfiguration;
			buildSettings = {
				ALWAYS_SEARCH_USER_PATHS = NO;
				ASSETCATALOG_COMPILER_GENERATE_SWIFT_ASSET_SYMBOL_EXTENSIONS = YES;
				CLANG_ANALYZER_NONNULL = YES;
				CLANG_ANALYZER_NUMBER_OBJECT_CONVERSION = YES_AGGRESSIVE;
				CLANG_CXX_LANGUAGE_STANDARD = "gnu++20";
				CLANG_ENABLE_MODULES = YES;
				CLANG_ENABLE_OBJC_ARC = YES;
				CLANG_ENABLE_OBJC_WEAK = YES;
				CLANG_WARN_BLOCK_CAPTURE_AUTORELEASING = YES;
				CLANG_WARN_BOOL_CONVERSION = YES;
				CLANG_WARN_COMMA = YES;
				CLANG_WARN_CONSTANT_CONVERSION = YES;
				CLANG_WARN_DEPRECATED_OBJC_IMPLEMENTATIONS = YES;
				CLANG_WARN_DIRECT_OBJC_ISA_USAGE = YES_ERROR;
				CLANG_WARN_DOCUMENTATION_COMMENTS = YES;
				CLANG_WARN_EMPTY_BODY = YES;
				CLANG_WARN_ENUM_CONVERSION = YES;
				CLANG_WARN_INFINITE_RECURSION = YES;
				CLANG_WARN_INT_CONVERSION = YES;
				CLANG_WARN_NON_LITERAL_NULL_CONVERSION = YES;
				CLANG_WARN_OBJC_IMPLICIT_RETAIN_SELF = YES;
				CLANG_WARN_OBJC_LITERAL_CONVERSION = YES;
				CLANG_WARN_OBJC_ROOT_CLASS = YES_ERROR;
				CLANG_WARN_QUOTED_INCLUDE_IN_FRAMEWORK_HEADER = YES;
				CLANG_WARN_RANGE_LOOP_ANALYSIS = YES;
				CLANG_WARN_STRICT_PROTOTYPES = YES;
				CLANG_WARN_SUSPICIOUS_MOVE = YES;
				CLANG_WARN_UNGUARDED_AVAILABILITY = YES_AGGRESSIVE;
				CLANG_WARN_UNREACHABLE_CODE = YES;
				CLANG_WARN__DUPLICATE_METHOD_MATCH = YES;
				COPY_PHASE_STRIP = NO;
				DEBUG_INFORMATION_FORMAT = "dwarf-with-dsym";
				ENABLE_NS_ASSERTIONS = NO;
				ENABLE_STRICT_OBJC_MSGSEND = YES;
				ENABLE_USER_SCRIPT_SANDBOXING = YES;
				GCC_C_LANGUAGE_STANDARD = gnu17;
				GCC_NO_COMMON_BLOCKS = YES;
				GCC_WARN_64_TO_32_BIT_CONVERSION = YES;
				GCC_WARN_ABOUT_RETURN_TYPE = YES_ERROR;
				GCC_WARN_UNDECLARED_SELECTOR = YES;
				GCC_WARN_UNINITIALIZED_AUTOS = YES_AGGRESSIVE;
				GCC_WARN_UNUSED_FUNCTION = YES;
				GCC_WARN_UNUSED_VARIABLE = YES;
				IPHONEOS_DEPLOYMENT_TARGET = 17.0;
				LOCALIZATION_PREFERS_STRING_CATALOGS = YES;
				MTL_ENABLE_DEBUG_INFO = NO;
				MTL_FAST_MATH = YES;
				SDKROOT = iphoneos;
				SWIFT_COMPILATION_MODE = wholemodule;
				VALIDATE_PRODUCT = YES;
			};
			name = Release;
		};
		D2752BA52A7A497B00C8EB50 /* Debug */ = {
			isa = XCBuildConfiguration;
			buildSettings = {
				ASSETCATALOG_COMPILER_APPICON_NAME = AppIcon;
				ASSETCATALOG_COMPILER_GLOBAL_ACCENT_COLOR_NAME = AccentColor;
				CODE_SIGN_STYLE = Automatic;
				CURRENT_PROJECT_VERSION = 1;
				DEVELOPMENT_ASSET_PATHS = "\"ScrumdingerAppTCA/Preview Content\"";
				ENABLE_PREVIEWS = YES;
				GENERATE_INFOPLIST_FILE = YES;
				INFOPLIST_KEY_UIApplicationSceneManifest_Generation = YES;
				INFOPLIST_KEY_UIApplicationSupportsIndirectInputEvents = YES;
				INFOPLIST_KEY_UILaunchScreen_Generation = YES;
				INFOPLIST_KEY_UISupportedInterfaceOrientations_iPad = "UIInterfaceOrientationPortrait UIInterfaceOrientationPortraitUpsideDown UIInterfaceOrientationLandscapeLeft UIInterfaceOrientationLandscapeRight";
				INFOPLIST_KEY_UISupportedInterfaceOrientations_iPhone = "UIInterfaceOrientationPortrait UIInterfaceOrientationLandscapeLeft UIInterfaceOrientationLandscapeRight";
				LD_RUNPATH_SEARCH_PATHS = (
					"$(inherited)",
					"@executable_path/Frameworks",
				);
				MARKETING_VERSION = 1.0;
				PRODUCT_BUNDLE_IDENTIFIER = com.kasper.learning.ScrumdingerAppTCA;
				PRODUCT_NAME = "$(TARGET_NAME)";
				SWIFT_EMIT_LOC_STRINGS = YES;
				SWIFT_VERSION = 5.0;
				TARGETED_DEVICE_FAMILY = "1,2";
			};
			name = Debug;
		};
		D2752BA62A7A497B00C8EB50 /* Release */ = {
			isa = XCBuildConfiguration;
			buildSettings = {
				ASSETCATALOG_COMPILER_APPICON_NAME = AppIcon;
				ASSETCATALOG_COMPILER_GLOBAL_ACCENT_COLOR_NAME = AccentColor;
				CODE_SIGN_STYLE = Automatic;
				CURRENT_PROJECT_VERSION = 1;
				DEVELOPMENT_ASSET_PATHS = "\"ScrumdingerAppTCA/Preview Content\"";
				ENABLE_PREVIEWS = YES;
				GENERATE_INFOPLIST_FILE = YES;
				INFOPLIST_KEY_UIApplicationSceneManifest_Generation = YES;
				INFOPLIST_KEY_UIApplicationSupportsIndirectInputEvents = YES;
				INFOPLIST_KEY_UILaunchScreen_Generation = YES;
				INFOPLIST_KEY_UISupportedInterfaceOrientations_iPad = "UIInterfaceOrientationPortrait UIInterfaceOrientationPortraitUpsideDown UIInterfaceOrientationLandscapeLeft UIInterfaceOrientationLandscapeRight";
				INFOPLIST_KEY_UISupportedInterfaceOrientations_iPhone = "UIInterfaceOrientationPortrait UIInterfaceOrientationLandscapeLeft UIInterfaceOrientationLandscapeRight";
				LD_RUNPATH_SEARCH_PATHS = (
					"$(inherited)",
					"@executable_path/Frameworks",
				);
				MARKETING_VERSION = 1.0;
				PRODUCT_BUNDLE_IDENTIFIER = com.kasper.learning.ScrumdingerAppTCA;
				PRODUCT_NAME = "$(TARGET_NAME)";
				SWIFT_EMIT_LOC_STRINGS = YES;
				SWIFT_VERSION = 5.0;
				TARGETED_DEVICE_FAMILY = "1,2";
			};
			name = Release;
		};
/* End XCBuildConfiguration section */

/* Begin XCConfigurationList section */
		D2752B912A7A497900C8EB50 /* Build configuration list for PBXProject "ScrumdingerAppTCA" */ = {
			isa = XCConfigurationList;
			buildConfigurations = (
				D2752BA22A7A497B00C8EB50 /* Debug */,
				D2752BA32A7A497B00C8EB50 /* Release */,
			);
			defaultConfigurationIsVisible = 0;
			defaultConfigurationName = Release;
		};
		D2752BA42A7A497B00C8EB50 /* Build configuration list for PBXNativeTarget "ScrumdingerAppTCA" */ = {
			isa = XCConfigurationList;
			buildConfigurations = (
				D2752BA52A7A497B00C8EB50 /* Debug */,
				D2752BA62A7A497B00C8EB50 /* Release */,
			);
			defaultConfigurationIsVisible = 0;
			defaultConfigurationName = Release;
		};
/* End XCConfigurationList section */

/* Begin XCRemoteSwiftPackageReference section */
		D2752BA72A7A49B400C8EB50 /* XCRemoteSwiftPackageReference "swift-composable-architecture" */ = {
			isa = XCRemoteSwiftPackageReference;
			repositoryURL = "https://github.com/pointfreeco/swift-composable-architecture";
			requirement = {
				kind = exactVersion;
				version = 1.0.0;
			};
		};
/* End XCRemoteSwiftPackageReference section */

/* Begin XCSwiftPackageProductDependency section */
		D2752BA82A7A49B400C8EB50 /* ComposableArchitecture */ = {
			isa = XCSwiftPackageProductDependency;
			package = D2752BA72A7A49B400C8EB50 /* XCRemoteSwiftPackageReference "swift-composable-architecture" */;
			productName = ComposableArchitecture;
		};
/* End XCSwiftPackageProductDependency section */
	};
	rootObject = D2752B8E2A7A497900C8EB50 /* Project object */;
}
